
Microsoft Visual Studio Solution File, Format Version 12.00
# Visual Studio Version 17
VisualStudioVersion = 17.14.36327.8
MinimumVisualStudioVersion = 10.0.40219.1
Project("{FAE04EC0-301F-11D3-BF4B-00C04F79EFBC}") = "ResCad.API", "ResCad.API\ResCad.API.csproj", "{71C715AD-3C4B-492D-AFCE-83FFBE4298DF}"
EndProject
Project("{2150E333-8FDC-42A3-9474-1A3956D46DE8}") = "1. Apresentacao", "1. Apresentacao", "{02EA681E-C7D8-13C7-8484-4AC65E1B71E8}"
EndProject
Project("{2150E333-8FDC-42A3-9474-1A3956D46DE8}") = "2. Aplicacao", "2. Aplicacao", "{F5A9DCC3-26C7-4134-85D7-DBC2DAFCB50E}"
EndProject
Project("{2150E333-8FDC-42A3-9474-1A3956D46DE8}") = "3. Dominio", "3. Dominio", "{6D27A422-6798-4F09-A38B-28D0760EB8C6}"
EndProject
Project("{2150E333-8FDC-42A3-9474-1A3956D46DE8}") = "4. Infraestrutura", "4. Infraestrutura", "{C52A6AC0-C5AF-44AB-9E23-C978B51021F9}"
EndProject
Project("{2150E333-8FDC-42A3-9474-1A3956D46DE8}") = "4.1. Data", "4.1. Data", "{436A5661-99E0-496E-8A3C-A69732E7872E}"
EndProject
Project("{FAE04EC0-301F-11D3-BF4B-00C04F79EFBC}") = "ResCad.Data", "ResCad.Data\ResCad.Data.csproj", "{10BCBB45-7046-4A95-A4B0-34B658C7588E}"
EndProject
Project("{2150E333-8FDC-42A3-9474-1A3956D46DE8}") = "4.2. Repositorio", "4.2. Repositorio", "{AD00ED49-06DD-4569-B8BF-2B511713F01A}"
EndProject
Project("{FAE04EC0-301F-11D3-BF4B-00C04F79EFBC}") = "ResCad.Repository", "ResCad.Repository\ResCad.Repository.csproj", "{587B247E-FDA4-4491-9B8D-1D13160C0A9B}"
EndProject
Project("{FAE04EC0-301F-11D3-BF4B-00C04F79EFBC}") = "ResCad.Dominio", "ResCad.Dominio\ResCad.Dominio.csproj", "{64A8F8AD-47B4-4ECE-B63A-CB49934501FD}"
EndProject
Project("{FAE04EC0-301F-11D3-BF4B-00C04F79EFBC}") = "ResCad.Application", "ResCad.Application\ResCad.Application.csproj", "{3623F86A-0178-4EC6-902E-6F72011C1D8A}"
EndProject
Global
	GlobalSection(SolutionConfigurationPlatforms) = preSolution
		Debug|Any CPU = Debug|Any CPU
		Release|Any CPU = Release|Any CPU
	EndGlobalSection
	GlobalSection(ProjectConfigurationPlatforms) = postSolution
		{71C715AD-3C4B-492D-AFCE-83FFBE4298DF}.Debug|Any CPU.ActiveCfg = Debug|Any CPU
		{71C715AD-3C4B-492D-AFCE-83FFBE4298DF}.Debug|Any CPU.Build.0 = Debug|Any CPU
		{71C715AD-3C4B-492D-AFCE-83FFBE4298DF}.Release|Any CPU.ActiveCfg = Release|Any CPU
		{71C715AD-3C4B-492D-AFCE-83FFBE4298DF}.Release|Any CPU.Build.0 = Release|Any CPU
		{10BCBB45-7046-4A95-A4B0-34B658C7588E}.Debug|Any CPU.ActiveCfg = Debug|Any CPU
		{10BCBB45-7046-4A95-A4B0-34B658C7588E}.Debug|Any CPU.Build.0 = Debug|Any CPU
		{10BCBB45-7046-4A95-A4B0-34B658C7588E}.Release|Any CPU.ActiveCfg = Release|Any CPU
		{10BCBB45-7046-4A95-A4B0-34B658C7588E}.Release|Any CPU.Build.0 = Release|Any CPU
		{587B247E-FDA4-4491-9B8D-1D13160C0A9B}.Debug|Any CPU.ActiveCfg = Debug|Any CPU
		{587B247E-FDA4-4491-9B8D-1D13160C0A9B}.Debug|Any CPU.Build.0 = Debug|Any CPU
		{587B247E-FDA4-4491-9B8D-1D13160C0A9B}.Release|Any CPU.ActiveCfg = Release|Any CPU
		{587B247E-FDA4-4491-9B8D-1D13160C0A9B}.Release|Any CPU.Build.0 = Release|Any CPU
		{64A8F8AD-47B4-4ECE-B63A-CB49934501FD}.Debug|Any CPU.ActiveCfg = Debug|Any CPU
		{64A8F8AD-47B4-4ECE-B63A-CB49934501FD}.Debug|Any CPU.Build.0 = Debug|Any CPU
		{64A8F8AD-47B4-4ECE-B63A-CB49934501FD}.Release|Any CPU.ActiveCfg = Release|Any CPU
		{64A8F8AD-47B4-4ECE-B63A-CB49934501FD}.Release|Any CPU.Build.0 = Release|Any CPU
		{3623F86A-0178-4EC6-902E-6F72011C1D8A}.Debug|Any CPU.ActiveCfg = Debug|Any CPU
		{3623F86A-0178-4EC6-902E-6F72011C1D8A}.Debug|Any CPU.Build.0 = Debug|Any CPU
		{3623F86A-0178-4EC6-902E-6F72011C1D8A}.Release|Any CPU.ActiveCfg = Release|Any CPU
		{3623F86A-0178-4EC6-902E-6F72011C1D8A}.Release|Any CPU.Build.0 = Release|Any CPU
	EndGlobalSection
	GlobalSection(SolutionProperties) = preSolution
		HideSolutionNode = FALSE
	EndGlobalSection
	GlobalSection(NestedProjects) = preSolution
		{71C715AD-3C4B-492D-AFCE-83FFBE4298DF} = {02EA681E-C7D8-13C7-8484-4AC65E1B71E8}
		{436A5661-99E0-496E-8A3C-A69732E7872E} = {C52A6AC0-C5AF-44AB-9E23-C978B51021F9}
		{10BCBB45-7046-4A95-A4B0-34B658C7588E} = {436A5661-99E0-496E-8A3C-A69732E7872E}
		{AD00ED49-06DD-4569-B8BF-2B511713F01A} = {C52A6AC0-C5AF-44AB-9E23-C978B51021F9}
		{587B247E-FDA4-4491-9B8D-1D13160C0A9B} = {AD00ED49-06DD-4569-B8BF-2B511713F01A}
		{64A8F8AD-47B4-4ECE-B63A-CB49934501FD} = {6D27A422-6798-4F09-A38B-28D0760EB8C6}
		{3623F86A-0178-4EC6-902E-6F72011C1D8A} = {F5A9DCC3-26C7-4134-85D7-DBC2DAFCB50E}
	EndGlobalSection
	GlobalSection(ExtensibilityGlobals) = postSolution
		SolutionGuid = {CD86D3F6-8AEF-4BE7-A435-AD62FEA82418}
	EndGlobalSection
EndGlobal
